
Microsoft Visual Studio Solution File, Format Version 11.00
# Visual Studio 2010
Project("{FAE04EC0-301F-11D3-BF4B-00C04F79EFBC}") = "Assembly-CSharp", "Assembly-CSharp.csproj", "{372d3fbf-ba4d-d1d7-b3df-672bfd8a592f}"
EndProject
Project("{FAE04EC0-301F-11D3-BF4B-00C04F79EFBC}") = "Assembly-CSharp-firstpass", "Assembly-CSharp-firstpass.csproj", "{86943417-72ef-f17f-6950-6b72fed496fb}"
EndProject
Global
	GlobalSection(SolutionConfigurationPlatforms) = preSolution
		Debug|Any CPU = Debug|Any CPU
	EndGlobalSection
	GlobalSection(ProjectConfigurationPlatforms) = postSolution
		{372d3fbf-ba4d-d1d7-b3df-672bfd8a592f}.Debug|Any CPU.ActiveCfg = Debug|Any CPU
		{372d3fbf-ba4d-d1d7-b3df-672bfd8a592f}.Debug|Any CPU.Build.0 = Debug|Any CPU
		{86943417-72ef-f17f-6950-6b72fed496fb}.Debug|Any CPU.ActiveCfg = Debug|Any CPU
		{86943417-72ef-f17f-6950-6b72fed496fb}.Debug|Any CPU.Build.0 = Debug|Any CPU
	EndGlobalSection
	GlobalSection(SolutionProperties) = preSolution
		HideSolutionNode = FALSE
	EndGlobalSection
EndGlobal
